
Microsoft Visual Studio Solution File, Format Version 12.00
# Visual Studio 15
VisualStudioVersion = 15.0.28307.1267
MinimumVisualStudioVersion = 10.0.40219.1
Project("{FAE04EC0-301F-11D3-BF4B-00C04F79EFBC}") = "FhldApi", "FhldApi\FhldApi.csproj", "{EBB4A54A-3F69-4990-BDBA-059D3AEF7CE7}"
EndProject
Project("{FAE04EC0-301F-11D3-BF4B-00C04F79EFBC}") = "iGPSApi", "iGPSApi\iGPSApi.csproj", "{585F08C2-B6F0-4875-98DA-D2930001F340}"
EndProject
Global
	GlobalSection(SolutionConfigurationPlatforms) = preSolution
		Debug|Any CPU = Debug|Any CPU
		Release|Any CPU = Release|Any CPU
	EndGlobalSection
	GlobalSection(ProjectConfigurationPlatforms) = postSolution
		{EBB4A54A-3F69-4990-BDBA-059D3AEF7CE7}.Debug|Any CPU.ActiveCfg = Debug|Any CPU
		{EBB4A54A-3F69-4990-BDBA-059D3AEF7CE7}.Debug|Any CPU.Build.0 = Debug|Any CPU
		{EBB4A54A-3F69-4990-BDBA-059D3AEF7CE7}.Release|Any CPU.ActiveCfg = Release|Any CPU
		{EBB4A54A-3F69-4990-BDBA-059D3AEF7CE7}.Release|Any CPU.Build.0 = Release|Any CPU
		{585F08C2-B6F0-4875-98DA-D2930001F340}.Debug|Any CPU.ActiveCfg = Debug|Any CPU
		{585F08C2-B6F0-4875-98DA-D2930001F340}.Debug|Any CPU.Build.0 = Debug|Any CPU
		{585F08C2-B6F0-4875-98DA-D2930001F340}.Release|Any CPU.ActiveCfg = Release|Any CPU
		{585F08C2-B6F0-4875-98DA-D2930001F340}.Release|Any CPU.Build.0 = Release|Any CPU
	EndGlobalSection
	GlobalSection(SolutionProperties) = preSolution
		HideSolutionNode = FALSE
	EndGlobalSection
	GlobalSection(ExtensibilityGlobals) = postSolution
		SolutionGuid = {29DCAD6A-30D5-4902-873E-8DBB30233419}
	EndGlobalSection
EndGlobal
